version = 1
revision = 3
requires-python = ">=3.14"

[[package]]
name = "arcade"
version = "3.3.3"
source = { registry = "https://pypi.org/simple" }
dependencies = [
    { name = "pillow" },
    { name = "pyglet" },
    { name = "pymunk" },
    { name = "pytiled-parser" },
]
sdist = { url = "https://files.pythonhosted.org/packages/5b/8f/7e2d6433bfbaf6c501d51614155a1b8e617805edab6c95b74182c7f2c68b/arcade-3.3.3.tar.gz", hash = "sha256:86a73dfafa0ce4fd4fb9551f850cc332b392e22e88142ff17914ea3fef59540b", size = 41952289, upload-time = "2025-10-09T15:46:14.947Z" }
wheels = [
    { url = "https://files.pythonhosted.org/packages/a9/c9/5888ddef3668caee10b6111dfb98a96addacef40b9b098213497a8ed614e/arcade-3.3.3-py3-none-any.whl", hash = "sha256:25f4e0e5b8bcbe7a7d087c0a23b19e9f423b0c70ec00945c8712c9a3e541ebd2", size = 42669158, upload-time = "2025-10-09T15:46:11.382Z" },
]

[[package]]
name = "attrs"
version = "26.1.0"
source = { registry = "https://pypi.org/simple" }
sdist = { url = "https://files.pythonhosted.org/packages/9a/8e/82a0fe20a541c03148528be8cac2408564a6c9a0cc7e9171802bc1d26985/attrs-26.1.0.tar.gz", hash = "sha256:d03ceb89cb322a8fd706d4fb91940737b6642aa36998fe130a9bc96c985eff32", size = 952055, upload-time = "2026-03-19T14:22:25.026Z" }
wheels = [
    { url = "https://files.pythonhosted.org/packages/64/b4/17d4b0b2a2dc85a6df63d1157e028ed19f90d4cd97c36717afef2bc2f395/attrs-26.1.0-py3-none-any.whl", hash = "sha256:c647aa4a12dfbad9333ca4e71fe62ddc36f4e63b2d260a37a8b83d2f043ac309", size = 67548, upload-time = "2026-03-19T14:22:23.645Z" },
]

[[package]]
name = "cffi"
version = "2.0.0"
source = { registry = "https://pypi.org/simple" }
dependencies = [
    { name = "pycparser", marker = "implementation_name != 'PyPy'" },
]
sdist = { url = "https://files.pythonhosted.org/packages/eb/56/b1ba7935a17738ae8453301356628e8147c79dbb825bcbc73dc7401f9846/cffi-2.0.0.tar.gz", hash = "sha256:44d1b5909021139fe36001ae048dbdde8214afa20200eda0f64c068cac5d5529", size = 523588, upload-time = "2025-09-08T23:24:04.541Z" }
wheels = [
    { url = "https://files.pythonhosted.org/packages/92/c4/3ce07396253a83250ee98564f8d7e9789fab8e58858f35d07a9a2c78de9f/cffi-2.0.0-cp314-cp314-macosx_10_13_x86_64.whl", hash = "sha256:fc33c5141b55ed366cfaad382df24fe7dcbc686de5be719b207bb248e3053dc5", size = 185320, upload-time = "2025-09-08T23:23:18.087Z" },
    { url = "https://files.pythonhosted.org/packages/59/dd/27e9fa567a23931c838c6b02d0764611c62290062a6d4e8ff7863daf9730/cffi-2.0.0-cp314-cp314-macosx_11_0_arm64.whl", hash = "sha256:c654de545946e0db659b3400168c9ad31b5d29593291482c43e3564effbcee13", size = 181487, upload-time = "2025-09-08T23:23:19.622Z" },
    { url = "https://files.pythonhosted.org/packages/d6/43/0e822876f87ea8a4ef95442c3d766a06a51fc5298823f884ef87aaad168c/cffi-2.0.0-cp314-cp314-manylinux2014_aarch64.manylinux_2_17_aarch64.whl", hash = "sha256:24b6f81f1983e6df8db3adc38562c83f7d4a0c36162885ec7f7b77c7dcbec97b", size = 220049, upload-time = "2025-09-08T23:23:20.853Z" },
    { url = "https://files.pythonhosted.org/packages/b4/89/76799151d9c2d2d1ead63c2429da9ea9d7aac304603de0c6e8764e6e8e70/cffi-2.0.0-cp314-cp314-manylinux2014_ppc64le.manylinux_2_17_ppc64le.whl", hash = "sha256:12873ca6cb9b0f0d3a0da705d6086fe911591737a59f28b7936bdfed27c0d47c", size = 207793, upload-time = "2025-09-08T23:23:22.08Z" },
    { url = "https://files.pythonhosted.org/packages/bb/dd/3465b14bb9e24ee24cb88c9e3730f6de63111fffe513492bf8c808a3547e/cffi-2.0.0-cp314-cp314-manylinux2014_s390x.manylinux_2_17_s390x.whl", hash = "sha256:d9b97165e8aed9272a6bb17c01e3cc5871a594a446ebedc996e2397a1c1ea8ef", size = 206300, upload-time = "2025-09-08T23:23:23.314Z" },
    { url = "https://files.pythonhosted.org/packages/47/d9/d83e293854571c877a92da46fdec39158f8d7e68da75bf73581225d28e90/cffi-2.0.0-cp314-cp314-manylinux2014_x86_64.manylinux_2_17_x86_64.whl", hash = "sha256:afb8db5439b81cf9c9d0c80404b60c3cc9c3add93e114dcae767f1477cb53775", size = 219244, upload-time = "2025-09-08T23:23:24.541Z" },
    { url = "https://files.pythonhosted.org/packages/2b/0f/1f177e3683aead2bb00f7679a16451d302c436b5cbf2505f0ea8146ef59e/cffi-2.0.0-cp314-cp314-musllinux_1_2_aarch64.whl", hash = "sha256:737fe7d37e1a1bffe70bd5754ea763a62a066dc5913ca57e957824b72a85e205", size = 222828, upload-time = "2025-09-08T23:23:26.143Z" },
    { url = "https://files.pythonhosted.org/packages/c6/0f/cafacebd4b040e3119dcb32fed8bdef8dfe94da653155f9d0b9dc660166e/cffi-2.0.0-cp314-cp314-musllinux_1_2_x86_64.whl", hash = "sha256:38100abb9d1b1435bc4cc340bb4489635dc2f0da7456590877030c9b3d40b0c1", size = 220926, upload-time = "2025-09-08T23:23:27.873Z" },
    { url = "https://files.pythonhosted.org/packages/3e/aa/df335faa45b395396fcbc03de2dfcab242cd61a9900e914fe682a59170b1/cffi-2.0.0-cp314-cp314-win32.whl", hash = "sha256:087067fa8953339c723661eda6b54bc98c5625757ea62e95eb4898ad5e776e9f", size = 175328, upload-time = "2025-09-08T23:23:44.61Z" },
    { url = "https://files.pythonhosted.org/packages/bb/92/882c2d30831744296ce713f0feb4c1cd30f346ef747b530b5318715cc367/cffi-2.0.0-cp314-cp314-win_amd64.whl", hash = "sha256:203a48d1fb583fc7d78a4c6655692963b860a417c0528492a6bc21f1aaefab25", size = 185650, upload-time = "2025-09-08T23:23:45.848Z" },
    { url = "https://files.pythonhosted.org/packages/9f/2c/98ece204b9d35a7366b5b2c6539c350313ca13932143e79dc133ba757104/cffi-2.0.0-cp314-cp314-win_arm64.whl", hash = "sha256:dbd5c7a25a7cb98f5ca55d258b103a2054f859a46ae11aaf23134f9cc0d356ad", size = 180687, upload-time = "2025-09-08T23:23:47.105Z" },
    { url = "https://files.pythonhosted.org/packages/3e/61/c768e4d548bfa607abcda77423448df8c471f25dbe64fb2ef6d555eae006/cffi-2.0.0-cp314-cp314t-macosx_10_13_x86_64.whl", hash = "sha256:9a67fc9e8eb39039280526379fb3a70023d77caec1852002b4da7e8b270c4dd9", size = 188773, upload-time = "2025-09-08T23:23:29.347Z" },
    { url = "https://files.pythonhosted.org/packages/2c/ea/5f76bce7cf6fcd0ab1a1058b5af899bfbef198bea4d5686da88471ea0336/cffi-2.0.0-cp314-cp314t-macosx_11_0_arm64.whl", hash = "sha256:7a66c7204d8869299919db4d5069a82f1561581af12b11b3c9f48c584eb8743d", size = 185013, upload-time = "2025-09-08T23:23:30.63Z" },
    { url = "https://files.pythonhosted.org/packages/be/b4/c56878d0d1755cf9caa54ba71e5d049479c52f9e4afc230f06822162ab2f/cffi-2.0.0-cp314-cp314t-manylinux2014_aarch64.manylinux_2_17_aarch64.whl", hash = "sha256:7cc09976e8b56f8cebd752f7113ad07752461f48a58cbba644139015ac24954c", size = 221593, upload-time = "2025-09-08T23:23:31.91Z" },
    { url = "https://files.pythonhosted.org/packages/e0/0d/eb704606dfe8033e7128df5e90fee946bbcb64a04fcdaa97321309004000/cffi-2.0.0-cp314-cp314t-manylinux2014_ppc64le.manylinux_2_17_ppc64le.whl", hash = "sha256:92b68146a71df78564e4ef48af17551a5ddd142e5190cdf2c5624d0c3ff5b2e8", size = 209354, upload-time = "2025-09-08T23:23:33.214Z" },
    { url = "https://files.pythonhosted.org/packages/d8/19/3c435d727b368ca475fb8742ab97c9cb13a0de600ce86f62eab7fa3eea60/cffi-2.0.0-cp314-cp314t-manylinux2014_s390x.manylinux_2_17_s390x.whl", hash = "sha256:b1e74d11748e7e98e2f426ab176d4ed720a64412b6a15054378afdb71e0f37dc", size = 208480, upload-time = "2025-09-08T23:23:34.495Z" },
    { url = "https://files.pythonhosted.org/packages/d0/44/681604464ed9541673e486521497406fadcc15b5217c3e326b061696899a/cffi-2.0.0-cp314-cp314t-manylinux2014_x86_64.manylinux_2_17_x86_64.whl", hash = "sha256:28a3a209b96630bca57cce802da70c266eb08c6e97e5afd61a75611ee6c64592", size = 221584, upload-time = "2025-09-08T23:23:36.096Z" },
    { url = "https://files.pythonhosted.org/packages/25/8e/342a504ff018a2825d395d44d63a767dd8ebc927ebda557fecdaca3ac33a/cffi-2.0.0-cp314-cp314t-musllinux_1_2_aarch64.whl", hash = "sha256:7553fb2090d71822f02c629afe6042c299edf91ba1bf94951165613553984512", size = 224443, upload-time = "2025-09-08T23:23:37.328Z" },
    { url = "https://files.pythonhosted.org/packages/e1/5e/b666bacbbc60fbf415ba9988324a132c9a7a0448a9a8f125074671c0f2c3/cffi-2.0.0-cp314-cp314t-musllinux_1_2_x86_64.whl", hash = "sha256:6c6c373cfc5c83a975506110d17457138c8c63016b563cc9ed6e056a82f13ce4", size = 223437, upload-time = "2025-09-08T23:23:38.945Z" },
    { url = "https://files.pythonhosted.org/packages/a0/1d/ec1a60bd1a10daa292d3cd6bb0b359a81607154fb8165f3ec95fe003b85c/cffi-2.0.0-cp314-cp314t-win32.whl", hash = "sha256:1fc9ea04857caf665289b7a75923f2c6ed559b8298a1b8c49e59f7dd95c8481e", size = 180487, upload-time = "2025-09-08T23:23:40.423Z" },
    { url = "https://files.pythonhosted.org/packages/bf/41/4c1168c74fac325c0c8156f04b6749c8b6a8f405bbf91413ba088359f60d/cffi-2.0.0-cp314-cp314t-win_amd64.whl", hash = "sha256:d68b6cef7827e8641e8ef16f4494edda8b36104d79773a334beaa1e3521430f6", size = 191726, upload-time = "2025-09-08T23:23:41.742Z" },
    { url = "https://files.pythonhosted.org/packages/ae/3a/dbeec9d1ee0844c679f6bb5d6ad4e9f198b1224f4e7a32825f47f6192b0c/cffi-2.0.0-cp314-cp314t-win_arm64.whl", hash = "sha256:0a1527a803f0a659de1af2e1fd700213caba79377e27e4693648c2923da066f9", size = 184195, upload-time = "2025-09-08T23:23:43.004Z" },
]

[[package]]
name = "colorama"
version = "0.4.6"
source = { registry = "https://pypi.org/simple" }
sdist = { url = "https://files.pythonhosted.org/packages/d8/53/6f443c9a4a8358a93a6792e2acffb9d9d5cb0a5cfd8802644b7b1c9a02e4/colorama-0.4.6.tar.gz", hash = "sha256:08695f5cb7ed6e0531a20572697297273c47b8cae5a63ffc6d6ed5c201be6e44", size = 27697, upload-time = "2022-10-25T02:36:22.414Z" }
wheels = [
    { url = "https://files.pythonhosted.org/packages/d1/d6/3965ed04c63042e047cb6a3e6ed1a63a35087b6a609aa3a15ed8ac56c221/colorama-0.4.6-py2.py3-none-any.whl", hash = "sha256:4f1d9991f5acc0ca119f9d443620b77f9d6b33703e51011c16baf57afb285fc6", size = 25335, upload-time = "2022-10-25T02:36:20.889Z" },
]

[[package]]
name = "iniconfig"
version = "2.3.0"
source = { registry = "https://pypi.org/simple" }
sdist = { url = "https://files.pythonhosted.org/packages/72/34/14ca021ce8e5dfedc35312d08ba8bf51fdd999c576889fc2c24cb97f4f10/iniconfig-2.3.0.tar.gz", hash = "sha256:c76315c77db068650d49c5b56314774a7804df16fee4402c1f19d6d15d8c4730", size = 20503, upload-time = "2025-10-18T21:55:43.219Z" }
wheels = [
    { url = "https://files.pythonhosted.org/packages/cb/b1/3846dd7f199d53cb17f49cba7e651e9ce294d8497c8c150530ed11865bb8/iniconfig-2.3.0-py3-none-any.whl", hash = "sha256:f631c04d2c48c52b84d0d0549c99ff3859c98df65b3101406327ecc7d53fbf12", size = 7484, upload-time = "2025-10-18T21:55:41.639Z" },
]

[[package]]
name = "librt"
version = "0.8.1"
source = { registry = "https://pypi.org/simple" }
sdist = { url = "https://files.pythonhosted.org/packages/56/9c/b4b0c54d84da4a94b37bd44151e46d5e583c9534c7e02250b961b1b6d8a8/librt-0.8.1.tar.gz", hash = "sha256:be46a14693955b3bd96014ccbdb8339ee8c9346fbe11c1b78901b55125f14c73", size = 177471, upload-time = "2026-02-17T16:13:06.101Z" }
wheels = [
    { url = "https://files.pythonhosted.org/packages/c9/6a/907ef6800f7bca71b525a05f1839b21f708c09043b1c6aa77b6b827b3996/librt-0.8.1-cp314-cp314-macosx_10_13_x86_64.whl", hash = "sha256:6cfa7fe54fd4d1f47130017351a959fe5804bda7a0bc7e07a2cdbc3fdd28d34f", size = 66081, upload-time = "2026-02-17T16:12:12.766Z" },
    { url = "https://files.pythonhosted.org/packages/1b/18/25e991cd5640c9fb0f8d91b18797b29066b792f17bf8493da183bf5caabe/librt-0.8.1-cp314-cp314-macosx_11_0_arm64.whl", hash = "sha256:228c2409c079f8c11fb2e5d7b277077f694cb93443eb760e00b3b83cb8b3176c", size = 68309, upload-time = "2026-02-17T16:12:13.756Z" },
    { url = "https://files.pythonhosted.org/packages/a4/36/46820d03f058cfb5a9de5940640ba03165ed8aded69e0733c417bb04df34/librt-0.8.1-cp314-cp314-manylinux1_i686.manylinux_2_28_i686.manylinux_2_5_i686.whl", hash = "sha256:7aae78ab5e3206181780e56912d1b9bb9f90a7249ce12f0e8bf531d0462dd0fc", size = 196804, upload-time = "2026-02-17T16:12:14.818Z" },
    { url = "https://files.pythonhosted.org/packages/59/18/5dd0d3b87b8ff9c061849fbdb347758d1f724b9a82241aa908e0ec54ccd0/librt-0.8.1-cp314-cp314-manylinux2014_aarch64.manylinux_2_17_aarch64.manylinux_2_28_aarch64.whl", hash = "sha256:172d57ec04346b047ca6af181e1ea4858086c80bdf455f61994c4aa6fc3f866c", size = 206907, upload-time = "2026-02-17T16:12:16.513Z" },
    { url = "https://files.pythonhosted.org/packages/d1/96/ef04902aad1424fd7299b62d1890e803e6ab4018c3044dca5922319c4b97/librt-0.8.1-cp314-cp314-manylinux2014_x86_64.manylinux_2_17_x86_64.manylinux_2_28_x86_64.whl", hash = "sha256:6b1977c4ea97ce5eb7755a78fae68d87e4102e4aaf54985e8b56806849cc06a3", size = 221217, upload-time = "2026-02-17T16:12:17.906Z" },
    { url = "https://files.pythonhosted.org/packages/6d/ff/7e01f2dda84a8f5d280637a2e5827210a8acca9a567a54507ef1c75b342d/librt-0.8.1-cp314-cp314-manylinux_2_31_riscv64.manylinux_2_39_riscv64.whl", hash = "sha256:10c42e1f6fd06733ef65ae7bebce2872bcafd8d6e6b0a08fe0a05a23b044fb14", size = 214622, upload-time = "2026-02-17T16:12:19.108Z" },
    { url = "https://files.pythonhosted.org/packages/1e/8c/5b093d08a13946034fed57619742f790faf77058558b14ca36a6e331161e/librt-0.8.1-cp314-cp314-musllinux_1_2_aarch64.whl", hash = "sha256:4c8dfa264b9193c4ee19113c985c95f876fae5e51f731494fc4e0cf594990ba7", size = 221987, upload-time = "2026-02-17T16:12:20.331Z" },
    { url = "https://files.pythonhosted.org/packages/d3/cc/86b0b3b151d40920ad45a94ce0171dec1aebba8a9d72bb3fa00c73ab25dd/librt-0.8.1-cp314-cp314-musllinux_1_2_i686.whl", hash = "sha256:01170b6729a438f0dedc4a26ed342e3dc4f02d1000b4b19f980e1877f0c297e6", size = 215132, upload-time = "2026-02-17T16:12:21.54Z" },
    { url = "https://files.pythonhosted.org/packages/fc/be/8588164a46edf1e69858d952654e216a9a91174688eeefb9efbb38a9c799/librt-0.8.1-cp314-cp314-musllinux_1_2_riscv64.whl", hash = "sha256:7b02679a0d783bdae30d443025b94465d8c3dc512f32f5b5031f93f57ac32071", size = 215195, upload-time = "2026-02-17T16:12:23.073Z" },
    { url = "https://files.pythonhosted.org/packages/f5/f2/0b9279bea735c734d69344ecfe056c1ba211694a72df10f568745c899c76/librt-0.8.1-cp314-cp314-musllinux_1_2_x86_64.whl", hash = "sha256:190b109bb69592a3401fe1ffdea41a2e73370ace2ffdc4a0e8e2b39cdea81b78", size = 237946, upload-time = "2026-02-17T16:12:24.275Z" },
    { url = "https://files.pythonhosted.org/packages/e9/cc/5f2a34fbc8aeb35314a3641f9956fa9051a947424652fad9882be7a97949/librt-0.8.1-cp314-cp314-win32.whl", hash = "sha256:e70a57ecf89a0f64c24e37f38d3fe217a58169d2fe6ed6d70554964042474023", size = 50689, upload-time = "2026-02-17T16:12:25.766Z" },
    { url = "https://files.pythonhosted.org/packages/a0/76/cd4d010ab2147339ca2b93e959c3686e964edc6de66ddacc935c325883d7/librt-0.8.1-cp314-cp314-win_amd64.whl", hash = "sha256:7e2f3edca35664499fbb36e4770650c4bd4a08abc1f4458eab9df4ec56389730", size = 57875, upload-time = "2026-02-17T16:12:27.465Z" },
    { url = "https://files.pythonhosted.org/packages/84/0f/2143cb3c3ca48bd3379dcd11817163ca50781927c4537345d608b5045998/librt-0.8.1-cp314-cp314-win_arm64.whl", hash = "sha256:0d2f82168e55ddefd27c01c654ce52379c0750ddc31ee86b4b266bcf4d65f2a3", size = 48058, upload-time = "2026-02-17T16:12:28.556Z" },
    { url = "https://files.pythonhosted.org/packages/d2/0e/9b23a87e37baf00311c3efe6b48d6b6c168c29902dfc3f04c338372fd7db/librt-0.8.1-cp314-cp314t-macosx_10_13_x86_64.whl", hash = "sha256:2c74a2da57a094bd48d03fa5d196da83d2815678385d2978657499063709abe1", size = 68313, upload-time = "2026-02-17T16:12:29.659Z" },
    { url = "https://files.pythonhosted.org/packages/db/9a/859c41e5a4f1c84200a7d2b92f586aa27133c8243b6cac9926f6e54d01b9/librt-0.8.1-cp314-cp314t-macosx_11_0_arm64.whl", hash = "sha256:a355d99c4c0d8e5b770313b8b247411ed40949ca44e33e46a4789b9293a907ee", size = 70994, upload-time = "2026-02-17T16:12:31.516Z" },
    { url = "https://files.pythonhosted.org/packages/4c/28/10605366ee599ed34223ac2bf66404c6fb59399f47108215d16d5ad751a8/librt-0.8.1-cp314-cp314t-manylinux1_i686.manylinux_2_28_i686.manylinux_2_5_i686.whl", hash = "sha256:2eb345e8b33fb748227409c9f1233d4df354d6e54091f0e8fc53acdb2ffedeb7", size = 220770, upload-time = "2026-02-17T16:12:33.294Z" },
    { url = "https://files.pythonhosted.org/packages/af/8d/16ed8fd452dafae9c48d17a6bc1ee3e818fd40ef718d149a8eff2c9f4ea2/librt-0.8.1-cp314-cp314t-manylinux2014_aarch64.manylinux_2_17_aarch64.manylinux_2_28_aarch64.whl", hash = "sha256:9be2f15e53ce4e83cc08adc29b26fb5978db62ef2a366fbdf716c8a6c8901040", size = 235409, upload-time = "2026-02-17T16:12:35.443Z" },
    { url = "https://files.pythonhosted.org/packages/89/1b/7bdf3e49349c134b25db816e4a3db6b94a47ac69d7d46b1e682c2c4949be/librt-0.8.1-cp314-cp314t-manylinux2014_x86_64.manylinux_2_17_x86_64.manylinux_2_28_x86_64.whl", hash = "sha256:785ae29c1f5c6e7c2cde2c7c0e148147f4503da3abc5d44d482068da5322fd9e", size = 246473, upload-time = "2026-02-17T16:12:36.656Z" },
    { url = "https://files.pythonhosted.org/packages/4e/8a/91fab8e4fd2a24930a17188c7af5380eb27b203d72101c9cc000dbdfd95a/librt-0.8.1-cp314-cp314t-manylinux_2_31_riscv64.manylinux_2_39_riscv64.whl", hash = "sha256:1d3a7da44baf692f0c6aeb5b2a09c5e6fc7a703bca9ffa337ddd2e2da53f7732", size = 238866, upload-time = "2026-02-17T16:12:37.849Z" },
    { url = "https://files.pythonhosted.org/packages/b9/e0/c45a098843fc7c07e18a7f8a24ca8496aecbf7bdcd54980c6ca1aaa79a8e/librt-0.8.1-cp314-cp314t-musllinux_1_2_aarch64.whl", hash = "sha256:5fc48998000cbc39ec0d5311312dda93ecf92b39aaf184c5e817d5d440b29624", size = 250248, upload-time = "2026-02-17T16:12:39.445Z" },
    { url = "https://files.pythonhosted.org/packages/82/30/07627de23036640c952cce0c1fe78972e77d7d2f8fd54fa5ef4554ff4a56/librt-0.8.1-cp314-cp314t-musllinux_1_2_i686.whl", hash = "sha256:e96baa6820280077a78244b2e06e416480ed859bbd8e5d641cf5742919d8beb4", size = 240629, upload-time = "2026-02-17T16:12:40.889Z" },
    { url = "https://files.pythonhosted.org/packages/fb/c1/55bfe1ee3542eba055616f9098eaf6eddb966efb0ca0f44eaa4aba327307/librt-0.8.1-cp314-cp314t-musllinux_1_2_riscv64.whl", hash = "sha256:31362dbfe297b23590530007062c32c6f6176f6099646bb2c95ab1b00a57c382", size = 239615, upload-time = "2026-02-17T16:12:42.446Z" },
    { url = "https://files.pythonhosted.org/packages/2b/39/191d3d28abc26c9099b19852e6c99f7f6d400b82fa5a4e80291bd3803e19/librt-0.8.1-cp314-cp314t-musllinux_1_2_x86_64.whl", hash = "sha256:cc3656283d11540ab0ea01978378e73e10002145117055e03722417aeab30994", size = 263001, upload-time = "2026-02-17T16:12:43.627Z" },
    { url = "https://files.pythonhosted.org/packages/b9/eb/7697f60fbe7042ab4e88f4ee6af496b7f222fffb0a4e3593ef1f29f81652/librt-0.8.1-cp314-cp314t-win32.whl", hash = "sha256:738f08021b3142c2918c03692608baed43bc51144c29e35807682f8070ee2a3a", size = 51328, upload-time = "2026-02-17T16:12:45.148Z" },
    { url = "https://files.pythonhosted.org/packages/7c/72/34bf2eb7a15414a23e5e70ecb9440c1d3179f393d9349338a91e2781c0fb/librt-0.8.1-cp314-cp314t-win_amd64.whl", hash = "sha256:89815a22daf9c51884fb5dbe4f1ef65ee6a146e0b6a8df05f753e2e4a9359bf4", size = 58722, upload-time = "2026-02-17T16:12:46.85Z" },
    { url = "https://files.pythonhosted.org/packages/b2/c8/d148e041732d631fc76036f8b30fae4e77b027a1e95b7a84bb522481a940/librt-0.8.1-cp314-cp314t-win_arm64.whl", hash = "sha256:bf512a71a23504ed08103a13c941f763db13fb11177beb3d9244c98c29fb4a61", size = 48755, upload-time = "2026-02-17T16:12:47.943Z" },
]

[[package]]
name = "mypy"
version = "1.20.0"
source = { registry = "https://pypi.org/simple" }
dependencies = [
    { name = "librt", marker = "platform_python_implementation != 'PyPy'" },
    { name = "mypy-extensions" },
    { name = "pathspec" },
    { name = "typing-extensions" },
]
sdist = { url = "https://files.pythonhosted.org/packages/f8/5c/b0089fe7fef0a994ae5ee07029ced0526082c6cfaaa4c10d40a10e33b097/mypy-1.20.0.tar.gz", hash = "sha256:eb96c84efcc33f0b5e0e04beacf00129dd963b67226b01c00b9dfc8affb464c3", size = 3815028, upload-time = "2026-03-31T16:55:14.959Z" }
wheels = [
    { url = "https://files.pythonhosted.org/packages/4e/0e/6ca4a84cbed9e62384bc0b2974c90395ece5ed672393e553996501625fc5/mypy-1.20.0-cp314-cp314-macosx_10_15_x86_64.whl", hash = "sha256:0f42dfaab7ec1baff3b383ad7af562ab0de573c5f6edb44b2dab016082b89948", size = 14483331, upload-time = "2026-03-31T16:52:57.999Z" },
    { url = "https://files.pythonhosted.org/packages/7d/c5/5fe9d8a729dd9605064691816243ae6c49fde0bd28f6e5e17f6a24203c43/mypy-1.20.0-cp314-cp314-macosx_11_0_arm64.whl", hash = "sha256:31b5dbb55293c1bd27c0fc813a0d2bb5ceef9d65ac5afa2e58f829dab7921fd5", size = 13342047, upload-time = "2026-03-31T16:54:21.555Z" },
    { url = "https://files.pythonhosted.org/packages/4c/33/e18bcfa338ca4e6b2771c85d4c5203e627d0c69d9de5c1a2cf2ba13320ba/mypy-1.20.0-cp314-cp314-manylinux2014_aarch64.manylinux_2_17_aarch64.manylinux_2_28_aarch64.whl", hash = "sha256:49d11c6f573a5a08f77fad13faff2139f6d0730ebed2cfa9b3d2702671dd7188", size = 13719585, upload-time = "2026-03-31T16:51:53.89Z" },
    { url = "https://files.pythonhosted.org/packages/6b/8d/93491ff7b79419edc7eabf95cb3b3f7490e2e574b2855c7c7e7394ff933f/mypy-1.20.0-cp314-cp314-manylinux2014_x86_64.manylinux_2_17_x86_64.manylinux_2_28_x86_64.whl", hash = "sha256:7d3243c406773185144527f83be0e0aefc7bf4601b0b2b956665608bf7c98a83", size = 14685075, upload-time = "2026-03-31T16:54:04.464Z" },
    { url = "https://files.pythonhosted.org/packages/b5/9d/d924b38a4923f8d164bf2b4ec98bf13beaf6e10a5348b4b137eadae40a6e/mypy-1.20.0-cp314-cp314-musllinux_1_2_x86_64.whl", hash = "sha256:a79c1eba7ac4209f2d850f0edd0a2f8bba88cbfdfefe6fb76a19e9d4fe5e71a2", size = 14919141, upload-time = "2026-03-31T16:54:51.785Z" },
    { url = "https://files.pythonhosted.org/packages/59/98/1da9977016678c0b99d43afe52ed00bb3c1a0c4c995d3e6acca1a6ebb9b4/mypy-1.20.0-cp314-cp314-win_amd64.whl", hash = "sha256:00e047c74d3ec6e71a2eb88e9ea551a2edb90c21f993aefa9e0d2a898e0bb732", size = 11050925, upload-time = "2026-03-31T16:51:30.758Z" },
    { url = "https://files.pythonhosted.org/packages/5e/e3/ba0b7a3143e49a9c4f5967dde6ea4bf8e0b10ecbbcca69af84027160ee89/mypy-1.20.0-cp314-cp314-win_arm64.whl", hash = "sha256:931a7630bba591593dcf6e97224a21ff80fb357e7982628d25e3c618e7f598ef", size = 10001089, upload-time = "2026-03-31T16:49:43.632Z" },
    { url = "https://files.pythonhosted.org/packages/12/28/e617e67b3be9d213cda7277913269c874eb26472489f95d09d89765ce2d8/mypy-1.20.0-cp314-cp314t-macosx_10_15_x86_64.whl", hash = "sha256:26c8b52627b6552f47ff11adb4e1509605f094e29815323e487fc0053ebe93d1", size = 15534710, upload-time = "2026-03-31T16:52:12.506Z" },
    { url = "https://files.pythonhosted.org/packages/6e/0c/3b5f2d3e45dc7169b811adce8451679d9430399d03b168f9b0489f43adaa/mypy-1.20.0-cp314-cp314t-macosx_11_0_arm64.whl", hash = "sha256:39362cdb4ba5f916e7976fccecaab1ba3a83e35f60fa68b64e9a70e221bb2436", size = 14393013, upload-time = "2026-03-31T16:54:41.186Z" },
    { url = "https://files.pythonhosted.org/packages/a3/49/edc8b0aa145cc09c1c74f7ce2858eead9329931dcbbb26e2ad40906daa4e/mypy-1.20.0-cp314-cp314t-manylinux2014_aarch64.manylinux_2_17_aarch64.manylinux_2_28_aarch64.whl", hash = "sha256:34506397dbf40c15dc567635d18a21d33827e9ab29014fb83d292a8f4f8953b6", size = 15047240, upload-time = "2026-03-31T16:54:31.955Z" },
    { url = "https://files.pythonhosted.org/packages/42/37/a946bb416e37a57fa752b3100fd5ede0e28df94f92366d1716555d47c454/mypy-1.20.0-cp314-cp314t-manylinux2014_x86_64.manylinux_2_17_x86_64.manylinux_2_28_x86_64.whl", hash = "sha256:555493c44a4f5a1b58d611a43333e71a9981c6dbe26270377b6f8174126a0526", size = 15858565, upload-time = "2026-03-31T16:53:36.997Z" },
    { url = "https://files.pythonhosted.org/packages/2f/99/7690b5b5b552db1bd4ff362e4c0eb3107b98d680835e65823fbe888c8b78/mypy-1.20.0-cp314-cp314t-musllinux_1_2_x86_64.whl", hash = "sha256:2721f0ce49cb74a38f00c50da67cb7d36317b5eda38877a49614dc018e91c787", size = 16087874, upload-time = "2026-03-31T16:52:48.313Z" },
    { url = "https://files.pythonhosted.org/packages/aa/76/53e893a498138066acd28192b77495c9357e5a58cc4be753182846b43315/mypy-1.20.0-cp314-cp314t-win_amd64.whl", hash = "sha256:47781555a7aa5fedcc2d16bcd72e0dc83eb272c10dd657f9fb3f9cc08e2e6abb", size = 12572380, upload-time = "2026-03-31T16:49:52.454Z" },
    { url = "https://files.pythonhosted.org/packages/76/9c/6dbdae21f01b7aacddc2c0bbf3c5557aa547827fdf271770fe1e521e7093/mypy-1.20.0-cp314-cp314t-win_arm64.whl", hash = "sha256:c70380fe5d64010f79fb863b9081c7004dd65225d2277333c219d93a10dad4dd", size = 10381174, upload-time = "2026-03-31T16:51:20.179Z" },
    { url = "https://files.pythonhosted.org/packages/21/66/4d734961ce167f0fd8380769b3b7c06dbdd6ff54c2190f3f2ecd22528158/mypy-1.20.0-py3-none-any.whl", hash = "sha256:a6e0641147cbfa7e4e94efdb95c2dab1aff8cfc159ded13e07f308ddccc8c48e", size = 2636365, upload-time = "2026-03-31T16:51:44.911Z" },
]

[[package]]
name = "mypy-extensions"
version = "1.1.0"
source = { registry = "https://pypi.org/simple" }
sdist = { url = "https://files.pythonhosted.org/packages/a2/6e/371856a3fb9d31ca8dac321cda606860fa4548858c0cc45d9d1d4ca2628b/mypy_extensions-1.1.0.tar.gz", hash = "sha256:52e68efc3284861e772bbcd66823fde5ae21fd2fdb51c62a211403730b916558", size = 6343, upload-time = "2025-04-22T14:54:24.164Z" }
wheels = [
    { url = "https://files.pythonhosted.org/packages/79/7b/2c79738432f5c924bef5071f933bcc9efd0473bac3b4aa584a6f7c1c8df8/mypy_extensions-1.1.0-py3-none-any.whl", hash = "sha256:1be4cccdb0f2482337c4743e60421de3a356cd97508abadd57d47403e94f5505", size = 4963, upload-time = "2025-04-22T14:54:22.983Z" },
]

[[package]]
name = "networkx"
version = "3.6.1"
source = { registry = "https://pypi.org/simple" }
sdist = { url = "https://files.pythonhosted.org/packages/6a/51/63fe664f3908c97be9d2e4f1158eb633317598cfa6e1fc14af5383f17512/networkx-3.6.1.tar.gz", hash = "sha256:26b7c357accc0c8cde558ad486283728b65b6a95d85ee1cd66bafab4c8168509", size = 2517025, upload-time = "2025-12-08T17:02:39.908Z" }
wheels = [
    { url = "https://files.pythonhosted.org/packages/9e/c9/b2622292ea83fbb4ec318f5b9ab867d0a28ab43c5717bb85b0a5f6b3b0a4/networkx-3.6.1-py3-none-any.whl", hash = "sha256:d47fbf302e7d9cbbb9e2555a0d267983d2aa476bac30e90dfbe5669bd57f3762", size = 2068504, upload-time = "2025-12-08T17:02:38.159Z" },
]

[[package]]
name = "numpy"
version = "2.4.4"
source = { registry = "https://pypi.org/simple" }
sdist = { url = "https://files.pythonhosted.org/packages/d7/9f/b8cef5bffa569759033adda9481211426f12f53299629b410340795c2514/numpy-2.4.4.tar.gz", hash = "sha256:2d390634c5182175533585cc89f3608a4682ccb173cc9bb940b2881c8d6f8fa0", size = 20731587, upload-time = "2026-03-29T13:22:01.298Z" }
wheels = [
    { url = "https://files.pythonhosted.org/packages/6e/06/c54062f85f673dd5c04cbe2f14c3acb8c8b95e3384869bb8cc9bff8cb9df/numpy-2.4.4-cp314-cp314-macosx_10_15_x86_64.whl", hash = "sha256:f169b9a863d34f5d11b8698ead99febeaa17a13ca044961aa8e2662a6c7766a0", size = 16684353, upload-time = "2026-03-29T13:20:29.504Z" },
    { url = "https://files.pythonhosted.org/packages/4c/39/8a320264a84404c74cc7e79715de85d6130fa07a0898f67fb5cd5bd79908/numpy-2.4.4-cp314-cp314-macosx_11_0_arm64.whl", hash = "sha256:2483e4584a1cb3092da4470b38866634bafb223cbcd551ee047633fd2584599a", size = 14704914, upload-time = "2026-03-29T13:20:33.547Z" },
    { url = "https://files.pythonhosted.org/packages/91/fb/287076b2614e1d1044235f50f03748f31fa287e3dbe6abeb35cdfa351eca/numpy-2.4.4-cp314-cp314-macosx_14_0_arm64.whl", hash = "sha256:2d19e6e2095506d1736b7d80595e0f252d76b89f5e715c35e06e937679ea7d7a", size = 5210005, upload-time = "2026-03-29T13:20:36.45Z" },
    { url = "https://files.pythonhosted.org/packages/63/eb/fcc338595309910de6ecabfcef2419a9ce24399680bfb149421fa2df1280/numpy-2.4.4-cp314-cp314-macosx_14_0_x86_64.whl", hash = "sha256:6a246d5914aa1c820c9443ddcee9c02bec3e203b0c080349533fae17727dfd1b", size = 6544974, upload-time = "2026-03-29T13:20:39.014Z" },
    { url = "https://files.pythonhosted.org/packages/44/5d/e7e9044032a716cdfaa3fba27a8e874bf1c5f1912a1ddd4ed071bf8a14a6/numpy-2.4.4-cp314-cp314-manylinux_2_27_aarch64.manylinux_2_28_aarch64.whl", hash = "sha256:989824e9faf85f96ec9c7761cd8d29c531ad857bfa1daa930cba85baaecf1a9a", size = 15684591, upload-time = "2026-03-29T13:20:42.146Z" },
    { url = "https://files.pythonhosted.org/packages/98/7c/21252050676612625449b4807d6b695b9ce8a7c9e1c197ee6216c8a65c7c/numpy-2.4.4-cp314-cp314-manylinux_2_27_x86_64.manylinux_2_28_x86_64.whl", hash = "sha256:27a8d92cd10f1382a67d7cf4db7ce18341b66438bdd9f691d7b0e48d104c2a9d", size = 16637700, upload-time = "2026-03-29T13:20:46.204Z" },
    { url = "https://files.pythonhosted.org/packages/b1/29/56d2bbef9465db24ef25393383d761a1af4f446a1df9b8cded4fe3a5a5d7/numpy-2.4.4-cp314-cp314-musllinux_1_2_aarch64.whl", hash = "sha256:e44319a2953c738205bf3354537979eaa3998ed673395b964c1176083dd46252", size = 17035781, upload-time = "2026-03-29T13:20:50.242Z" },
    { url = "https://files.pythonhosted.org/packages/e3/2b/a35a6d7589d21f44cea7d0a98de5ddcbb3d421b2622a5c96b1edf18707c3/numpy-2.4.4-cp314-cp314-musllinux_1_2_x86_64.whl", hash = "sha256:e892aff75639bbef0d2a2cfd55535510df26ff92f63c92cd84ef8d4ba5a5557f", size = 18362959, upload-time = "2026-03-29T13:20:54.019Z" },
    { url = "https://files.pythonhosted.org/packages/64/c9/d52ec581f2390e0f5f85cbfd80fb83d965fc15e9f0e1aec2195faa142cde/numpy-2.4.4-cp314-cp314-win32.whl", hash = "sha256:1378871da56ca8943c2ba674530924bb8ca40cd228358a3b5f302ad60cf875fc", size = 6008768, upload-time = "2026-03-29T13:20:56.912Z" },
    { url = "https://files.pythonhosted.org/packages/fa/22/4cc31a62a6c7b74a8730e31a4274c5dc80e005751e277a2ce38e675e4923/numpy-2.4.4-cp314-cp314-win_amd64.whl", hash = "sha256:715d1c092715954784bc79e1174fc2a90093dc4dc84ea15eb14dad8abdcdeb74", size = 12449181, upload-time = "2026-03-29T13:20:59.548Z" },
    { url = "https://files.pythonhosted.org/packages/70/2e/14cda6f4d8e396c612d1bf97f22958e92148801d7e4f110cabebdc0eef4b/numpy-2.4.4-cp314-cp314-win_arm64.whl", hash = "sha256:2c194dd721e54ecad9ad387c1d35e63dce5c4450c6dc7dd5611283dda239aabb", size = 10496035, upload-time = "2026-03-29T13:21:02.524Z" },
    { url = "https://files.pythonhosted.org/packages/b1/e8/8fed8c8d848d7ecea092dc3469643f9d10bc3a134a815a3b033da1d2039b/numpy-2.4.4-cp314-cp314t-macosx_11_0_arm64.whl", hash = "sha256:2aa0613a5177c264ff5921051a5719d20095ea586ca88cc802c5c218d1c67d3e", size = 14824958, upload-time = "2026-03-29T13:21:05.671Z" },
    { url = "https://files.pythonhosted.org/packages/05/1a/d8007a5138c179c2bf33ef44503e83d70434d2642877ee8fbb230e7c0548/numpy-2.4.4-cp314-cp314t-macosx_14_0_arm64.whl", hash = "sha256:42c16925aa5a02362f986765f9ebabf20de75cdefdca827d14315c568dcab113", size = 5330020, upload-time = "2026-03-29T13:21:08.635Z" },
    { url = "https://files.pythonhosted.org/packages/99/64/ffb99ac6ae93faf117bcbd5c7ba48a7f45364a33e8e458545d3633615dda/numpy-2.4.4-cp314-cp314t-macosx_14_0_x86_64.whl", hash = "sha256:874f200b2a981c647340f841730fc3a2b54c9d940566a3c4149099591e2c4c3d", size = 6650758, upload-time = "2026-03-29T13:21:10.949Z" },
    { url = "https://files.pythonhosted.org/packages/6e/6e/795cc078b78a384052e73b2f6281ff7a700e9bf53bcce2ee579d4f6dd879/numpy-2.4.4-cp314-cp314t-manylinux_2_27_aarch64.manylinux_2_28_aarch64.whl", hash = "sha256:c9b39d38a9bd2ae1becd7eac1303d031c5c110ad31f2b319c6e7d98b135c934d", size = 15729948, upload-time = "2026-03-29T13:21:14.047Z" },
    { url = "https://files.pythonhosted.org/packages/5f/86/2acbda8cc2af5f3d7bfc791192863b9e3e19674da7b5e533fded124d1299/numpy-2.4.4-cp314-cp314t-manylinux_2_27_x86_64.manylinux_2_28_x86_64.whl", hash = "sha256:b268594bccac7d7cf5844c7732e3f20c50921d94e36d7ec9b79e9857694b1b2f", size = 16679325, upload-time = "2026-03-29T13:21:17.561Z" },
    { url = "https://files.pythonhosted.org/packages/bc/59/cafd83018f4aa55e0ac6fa92aa066c0a1877b77a615ceff1711c260ffae8/numpy-2.4.4-cp314-cp314t-musllinux_1_2_aarch64.whl", hash = "sha256:ac6b31e35612a26483e20750126d30d0941f949426974cace8e6b5c58a3657b0", size = 17084883, upload-time = "2026-03-29T13:21:21.106Z" },
    { url = "https://files.pythonhosted.org/packages/f0/85/a42548db84e65ece46ab2caea3d3f78b416a47af387fcbb47ec28e660dc2/numpy-2.4.4-cp314-cp314t-musllinux_1_2_x86_64.whl", hash = "sha256:8e3ed142f2728df44263aaf5fb1f5b0b99f4070c553a0d7f033be65338329150", size = 18403474, upload-time = "2026-03-29T13:21:24.828Z" },
    { url = "https://files.pythonhosted.org/packages/ed/ad/483d9e262f4b831000062e5d8a45e342166ec8aaa1195264982bca267e62/numpy-2.4.4-cp314-cp314t-win32.whl", hash = "sha256:dddbbd259598d7240b18c9d87c56a9d2fb3b02fe266f49a7c101532e78c1d871", size = 6155500, upload-time = "2026-03-29T13:21:28.205Z" },
    { url = "https://files.pythonhosted.org/packages/c7/03/2fc4e14c7bd4ff2964b74ba90ecb8552540b6315f201df70f137faa5c589/numpy-2.4.4-cp314-cp314t-win_amd64.whl", hash = "sha256:a7164afb23be6e37ad90b2f10426149fd75aee07ca55653d2aa41e66c4ef697e", size = 12637755, upload-time = "2026-03-29T13:21:31.107Z" },
    { url = "https://files.pythonhosted.org/packages/58/78/548fb8e07b1a341746bfbecb32f2c268470f45fa028aacdbd10d9bc73aab/numpy-2.4.4-cp314-cp314t-win_arm64.whl", hash = "sha256:ba203255017337d39f89bdd58417f03c4426f12beed0440cfd933cb15f8669c7", size = 10566643, upload-time = "2026-03-29T13:21:34.339Z" },
]

[[package]]
name = "packaging"
version = "26.0"
source = { registry = "https://pypi.org/simple" }
sdist = { url = "https://files.pythonhosted.org/packages/65/ee/299d360cdc32edc7d2cf530f3accf79c4fca01e96ffc950d8a52213bd8e4/packaging-26.0.tar.gz", hash = "sha256:00243ae351a257117b6a241061796684b084ed1c516a08c48a3f7e147a9d80b4", size = 143416, upload-time = "2026-01-21T20:50:39.064Z" }
wheels = [
    { url = "https://files.pythonhosted.org/packages/b7/b9/c538f279a4e237a006a2c98387d081e9eb060d203d8ed34467cc0f0b9b53/packaging-26.0-py3-none-any.whl", hash = "sha256:b36f1fef9334a5588b4166f8bcd26a14e521f2b55e6b9de3aaa80d3ff7a37529", size = 74366, upload-time = "2026-01-21T20:50:37.788Z" },
]

[[package]]
name = "pathspec"
version = "1.0.4"
source = { registry = "https://pypi.org/simple" }
sdist = { url = "https://files.pythonhosted.org/packages/fa/36/e27608899f9b8d4dff0617b2d9ab17ca5608956ca44461ac14ac48b44015/pathspec-1.0.4.tar.gz", hash = "sha256:0210e2ae8a21a9137c0d470578cb0e595af87edaa6ebf12ff176f14a02e0e645", size = 131200, upload-time = "2026-01-27T03:59:46.938Z" }
wheels = [
    { url = "https://files.pythonhosted.org/packages/ef/3c/2c197d226f9ea224a9ab8d197933f9da0ae0aac5b6e0f884e2b8d9c8e9f7/pathspec-1.0.4-py3-none-any.whl", hash = "sha256:fb6ae2fd4e7c921a165808a552060e722767cfa526f99ca5156ed2ce45a5c723", size = 55206, upload-time = "2026-01-27T03:59:45.137Z" },
]

[[package]]
name = "pillow"
version = "11.3.0"
source = { registry = "https://pypi.org/simple" }
sdist = { url = "https://files.pythonhosted.org/packages/f3/0d/d0d6dea55cd152ce3d6767bb38a8fc10e33796ba4ba210cbab9354b6d238/pillow-11.3.0.tar.gz", hash = "sha256:3828ee7586cd0b2091b6209e5ad53e20d0649bbe87164a459d0676e035e8f523", size = 47113069, upload-time = "2025-07-01T09:16:30.666Z" }
wheels = [
    { url = "https://files.pythonhosted.org/packages/73/f4/04905af42837292ed86cb1b1dabe03dce1edc008ef14c473c5c7e1443c5d/pillow-11.3.0-cp314-cp314-macosx_10_13_x86_64.whl", hash = "sha256:d9da3df5f9ea2a89b81bb6087177fb1f4d1c7146d583a3fe5c672c0d94e55e12", size = 5278520, upload-time = "2025-07-01T09:15:17.429Z" },
    { url = "https://files.pythonhosted.org/packages/41/b0/33d79e377a336247df6348a54e6d2a2b85d644ca202555e3faa0cf811ecc/pillow-11.3.0-cp314-cp314-macosx_11_0_arm64.whl", hash = "sha256:0b275ff9b04df7b640c59ec5a3cb113eefd3795a8df80bac69646ef699c6981a", size = 4686116, upload-time = "2025-07-01T09:15:19.423Z" },
    { url = "https://files.pythonhosted.org/packages/49/2d/ed8bc0ab219ae8768f529597d9509d184fe8a6c4741a6864fea334d25f3f/pillow-11.3.0-cp314-cp314-manylinux2014_aarch64.manylinux_2_17_aarch64.whl", hash = "sha256:0743841cabd3dba6a83f38a92672cccbd69af56e3e91777b0ee7f4dba4385632", size = 5864597, upload-time = "2025-07-03T13:10:38.404Z" },
    { url = "https://files.pythonhosted.org/packages/b5/3d/b932bb4225c80b58dfadaca9d42d08d0b7064d2d1791b6a237f87f661834/pillow-11.3.0-cp314-cp314-manylinux2014_x86_64.manylinux_2_17_x86_64.whl", hash = "sha256:2465a69cf967b8b49ee1b96d76718cd98c4e925414ead59fdf75cf0fd07df673", size = 7638246, upload-time = "2025-07-03T13:10:44.987Z" },
    { url = "https://files.pythonhosted.org/packages/09/b5/0487044b7c096f1b48f0d7ad416472c02e0e4bf6919541b111efd3cae690/pillow-11.3.0-cp314-cp314-manylinux_2_27_aarch64.manylinux_2_28_aarch64.whl", hash = "sha256:41742638139424703b4d01665b807c6468e23e699e8e90cffefe291c5832b027", size = 5973336, upload-time = "2025-07-01T09:15:21.237Z" },
    { url = "https://files.pythonhosted.org/packages/a8/2d/524f9318f6cbfcc79fbc004801ea6b607ec3f843977652fdee4857a7568b/pillow-11.3.0-cp314-cp314-manylinux_2_27_x86_64.manylinux_2_28_x86_64.whl", hash = "sha256:93efb0b4de7e340d99057415c749175e24c8864302369e05914682ba642e5d77", size = 6642699, upload-time = "2025-07-01T09:15:23.186Z" },
    { url = "https://files.pythonhosted.org/packages/6f/d2/a9a4f280c6aefedce1e8f615baaa5474e0701d86dd6f1dede66726462bbd/pillow-11.3.0-cp314-cp314-musllinux_1_2_aarch64.whl", hash = "sha256:7966e38dcd0fa11ca390aed7c6f20454443581d758242023cf36fcb319b1a874", size = 6083789, upload-time = "2025-07-01T09:15:25.1Z" },
    { url = "https://files.pythonhosted.org/packages/fe/54/86b0cd9dbb683a9d5e960b66c7379e821a19be4ac5810e2e5a715c09a0c0/pillow-11.3.0-cp314-cp314-musllinux_1_2_x86_64.whl", hash = "sha256:98a9afa7b9007c67ed84c57c9e0ad86a6000da96eaa638e4f8abe5b65ff83f0a", size = 6720386, upload-time = "2025-07-01T09:15:27.378Z" },
    { url = "https://files.pythonhosted.org/packages/e7/95/88efcaf384c3588e24259c4203b909cbe3e3c2d887af9e938c2022c9dd48/pillow-11.3.0-cp314-cp314-win32.whl", hash = "sha256:02a723e6bf909e7cea0dac1b0e0310be9d7650cd66222a5f1c571455c0a45214", size = 6370911, upload-time = "2025-07-01T09:15:29.294Z" },
    { url = "https://files.pythonhosted.org/packages/2e/cc/934e5820850ec5eb107e7b1a72dd278140731c669f396110ebc326f2a503/pillow-11.3.0-cp314-cp314-win_amd64.whl", hash = "sha256:a418486160228f64dd9e9efcd132679b7a02a5f22c982c78b6fc7dab3fefb635", size = 7117383, upload-time = "2025-07-01T09:15:31.128Z" },
    { url = "https://files.pythonhosted.org/packages/d6/e9/9c0a616a71da2a5d163aa37405e8aced9a906d574b4a214bede134e731bc/pillow-11.3.0-cp314-cp314-win_arm64.whl", hash = "sha256:155658efb5e044669c08896c0c44231c5e9abcaadbc5cd3648df2f7c0b96b9a6", size = 2511385, upload-time = "2025-07-01T09:15:33.328Z" },
    { url = "https://files.pythonhosted.org/packages/1a/33/c88376898aff369658b225262cd4f2659b13e8178e7534df9e6e1fa289f6/pillow-11.3.0-cp314-cp314t-macosx_10_13_x86_64.whl", hash = "sha256:59a03cdf019efbfeeed910bf79c7c93255c3d54bc45898ac2a4140071b02b4ae", size = 5281129, upload-time = "2025-07-01T09:15:35.194Z" },
    { url = "https://files.pythonhosted.org/packages/1f/70/d376247fb36f1844b42910911c83a02d5544ebd2a8bad9efcc0f707ea774/pillow-11.3.0-cp314-cp314t-macosx_11_0_arm64.whl", hash = "sha256:f8a5827f84d973d8636e9dc5764af4f0cf2318d26744b3d902931701b0d46653", size = 4689580, upload-time = "2025-07-01T09:15:37.114Z" },
    { url = "https://files.pythonhosted.org/packages/eb/1c/537e930496149fbac69efd2fc4329035bbe2e5475b4165439e3be9cb183b/pillow-11.3.0-cp314-cp314t-manylinux2014_aarch64.manylinux_2_17_aarch64.whl", hash = "sha256:ee92f2fd10f4adc4b43d07ec5e779932b4eb3dbfbc34790ada5a6669bc095aa6", size = 5902860, upload-time = "2025-07-03T13:10:50.248Z" },
    { url = "https://files.pythonhosted.org/packages/bd/57/80f53264954dcefeebcf9dae6e3eb1daea1b488f0be8b8fef12f79a3eb10/pillow-11.3.0-cp314-cp314t-manylinux2014_x86_64.manylinux_2_17_x86_64.whl", hash = "sha256:c96d333dcf42d01f47b37e0979b6bd73ec91eae18614864622d9b87bbd5bbf36", size = 7670694, upload-time = "2025-07-03T13:10:56.432Z" },
    { url = "https://files.pythonhosted.org/packages/70/ff/4727d3b71a8578b4587d9c276e90efad2d6fe0335fd76742a6da08132e8c/pillow-11.3.0-cp314-cp314t-manylinux_2_27_aarch64.manylinux_2_28_aarch64.whl", hash = "sha256:4c96f993ab8c98460cd0c001447bff6194403e8b1d7e149ade5f00594918128b", size = 6005888, upload-time = "2025-07-01T09:15:39.436Z" },
    { url = "https://files.pythonhosted.org/packages/05/ae/716592277934f85d3be51d7256f3636672d7b1abfafdc42cf3f8cbd4b4c8/pillow-11.3.0-cp314-cp314t-manylinux_2_27_x86_64.manylinux_2_28_x86_64.whl", hash = "sha256:41342b64afeba938edb034d122b2dda5db2139b9a4af999729ba8818e0056477", size = 6670330, upload-time = "2025-07-01T09:15:41.269Z" },
    { url = "https://files.pythonhosted.org/packages/e7/bb/7fe6cddcc8827b01b1a9766f5fdeb7418680744f9082035bdbabecf1d57f/pillow-11.3.0-cp314-cp314t-musllinux_1_2_aarch64.whl", hash = "sha256:068d9c39a2d1b358eb9f245ce7ab1b5c3246c7c8c7d9ba58cfa5b43146c06e50", size = 6114089, upload-time = "2025-07-01T09:15:43.13Z" },
    { url = "https://files.pythonhosted.org/packages/8b/f5/06bfaa444c8e80f1a8e4bff98da9c83b37b5be3b1deaa43d27a0db37ef84/pillow-11.3.0-cp314-cp314t-musllinux_1_2_x86_64.whl", hash = "sha256:a1bc6ba083b145187f648b667e05a2534ecc4b9f2784c2cbe3089e44868f2b9b", size = 6748206, upload-time = "2025-07-01T09:15:44.937Z" },
    { url = "https://files.pythonhosted.org/packages/f0/77/bc6f92a3e8e6e46c0ca78abfffec0037845800ea38c73483760362804c41/pillow-11.3.0-cp314-cp314t-win32.whl", hash = "sha256:118ca10c0d60b06d006be10a501fd6bbdfef559251ed31b794668ed569c87e12", size = 6377370, upload-time = "2025-07-01T09:15:46.673Z" },
    { url = "https://files.pythonhosted.org/packages/4a/82/3a721f7d69dca802befb8af08b7c79ebcab461007ce1c18bd91a5d5896f9/pillow-11.3.0-cp314-cp314t-win_amd64.whl", hash = "sha256:8924748b688aa210d79883357d102cd64690e56b923a186f35a82cbc10f997db", size = 7121500, upload-time = "2025-07-01T09:15:48.512Z" },
    { url = "https://files.pythonhosted.org/packages/89/c7/5572fa4a3f45740eaab6ae86fcdf7195b55beac1371ac8c619d880cfe948/pillow-11.3.0-cp314-cp314t-win_arm64.whl", hash = "sha256:79ea0d14d3ebad43ec77ad5272e6ff9bba5b679ef73375ea760261207fa8e0aa", size = 2512835, upload-time = "2025-07-01T09:15:50.399Z" },
]

[[package]]
name = "pluggy"
version = "1.6.0"
source = { registry = "https://pypi.org/simple" }
sdist = { url = "https://files.pythonhosted.org/packages/f9/e2/3e91f31a7d2b083fe6ef3fa267035b518369d9511ffab804f839851d2779/pluggy-1.6.0.tar.gz", hash = "sha256:7dcc130b76258d33b90f61b658791dede3486c3e6bfb003ee5c9bfb396dd22f3", size = 69412, upload-time = "2025-05-15T12:30:07.975Z" }
wheels = [
    { url = "https://files.pythonhosted.org/packages/54/20/4d324d65cc6d9205fabedc306948156824eb9f0ee1633355a8f7ec5c66bf/pluggy-1.6.0-py3-none-any.whl", hash = "sha256:e920276dd6813095e9377c0bc5566d94c932c33b27a3e3945d8389c374dd4746", size = 20538, upload-time = "2025-05-15T12:30:06.134Z" },
]

[[package]]
name = "projet-semestre"
version = "0.1.0"
source = { virtual = "." }
dependencies = [
    { name = "arcade" },
    { name = "networkx" },
    { name = "types-networkx" },
]

[package.dev-dependencies]
dev = [
    { name = "mypy" },
    { name = "pytest" },
]

[package.metadata]
requires-dist = [
    { name = "arcade", specifier = ">=3.0.2" },
    { name = "networkx", specifier = ">=3.6.1" },
    { name = "types-networkx", specifier = ">=3.6.1.20260402" },
]

[package.metadata.requires-dev]
dev = [
    { name = "mypy", specifier = ">=1.20.0" },
    { name = "pytest", specifier = ">=9.0.2" },
]

[[package]]
name = "pycparser"
version = "3.0"
source = { registry = "https://pypi.org/simple" }
sdist = { url = "https://files.pythonhosted.org/packages/1b/7d/92392ff7815c21062bea51aa7b87d45576f649f16458d78b7cf94b9ab2e6/pycparser-3.0.tar.gz", hash = "sha256:600f49d217304a5902ac3c37e1281c9fe94e4d0489de643a9504c5cdfdfc6b29", size = 103492, upload-time = "2026-01-21T14:26:51.89Z" }
wheels = [
    { url = "https://files.pythonhosted.org/packages/0c/c3/44f3fbbfa403ea2a7c779186dc20772604442dde72947e7d01069cbe98e3/pycparser-3.0-py3-none-any.whl", hash = "sha256:b727414169a36b7d524c1c3e31839a521725078d7b2ff038656844266160a992", size = 48172, upload-time = "2026-01-21T14:26:50.693Z" },
]

[[package]]
name = "pyglet"
version = "2.1.13"
source = { registry = "https://pypi.org/simple" }
sdist = { url = "https://files.pythonhosted.org/packages/77/b4/b78df1ec545a151cb7ee64a1632e8f33ba8bd1a97329e4918e76761a80d9/pyglet-2.1.13.tar.gz", hash = "sha256:37a31c212b51658f7c125613f93818a199e8808f86e9b1abe7bfe5395661eee3", size = 6594811, upload-time = "2026-02-04T00:28:11.369Z" }
wheels = [
    { url = "https://files.pythonhosted.org/packages/73/54/14edde2376d6e264e66c6aeba0f31d58319084ae93b794503b5e140d45d1/pyglet-2.1.13-py3-none-any.whl", hash = "sha256:7ded34c30d07a9290b9bddb2aa91b2861be552144a87dc68fb6f4288b5dbb21a", size = 1032775, upload-time = "2026-02-04T00:28:06.954Z" },
]

[[package]]
name = "pygments"
version = "2.20.0"
source = { registry = "https://pypi.org/simple" }
sdist = { url = "https://files.pythonhosted.org/packages/c3/b2/bc9c9196916376152d655522fdcebac55e66de6603a76a02bca1b6414f6c/pygments-2.20.0.tar.gz", hash = "sha256:6757cd03768053ff99f3039c1a36d6c0aa0b263438fcab17520b30a303a82b5f", size = 4955991, upload-time = "2026-03-29T13:29:33.898Z" }
wheels = [
    { url = "https://files.pythonhosted.org/packages/f4/7e/a72dd26f3b0f4f2bf1dd8923c85f7ceb43172af56d63c7383eb62b332364/pygments-2.20.0-py3-none-any.whl", hash = "sha256:81a9e26dd42fd28a23a2d169d86d7ac03b46e2f8b59ed4698fb4785f946d0176", size = 1231151, upload-time = "2026-03-29T13:29:30.038Z" },
]

[[package]]
name = "pymunk"
version = "6.9.0"
source = { registry = "https://pypi.org/simple" }
dependencies = [
    { name = "cffi" },
]
sdist = { url = "https://files.pythonhosted.org/packages/ac/08/1513c868bc2a6bfa22d47acded27f5525c1db10bf1db4fdfa39160991616/pymunk-6.9.0.tar.gz", hash = "sha256:765f7c561a859a1b565bc517a47cc3992d6258e860f9174c533033c218af63c3", size = 3104088, upload-time = "2024-10-13T09:02:40.008Z" }

[[package]]
name = "pytest"
version = "9.0.2"
source = { registry = "https://pypi.org/simple" }
dependencies = [
    { name = "colorama", marker = "sys_platform == 'win32'" },
    { name = "iniconfig" },
    { name = "packaging" },
    { name = "pluggy" },
    { name = "pygments" },
]
sdist = { url = "https://files.pythonhosted.org/packages/d1/db/7ef3487e0fb0049ddb5ce41d3a49c235bf9ad299b6a25d5780a89f19230f/pytest-9.0.2.tar.gz", hash = "sha256:75186651a92bd89611d1d9fc20f0b4345fd827c41ccd5c299a868a05d70edf11", size = 1568901, upload-time = "2025-12-06T21:30:51.014Z" }
wheels = [
    { url = "https://files.pythonhosted.org/packages/3b/ab/b3226f0bd7cdcf710fbede2b3548584366da3b19b5021e74f5bde2a8fa3f/pytest-9.0.2-py3-none-any.whl", hash = "sha256:711ffd45bf766d5264d487b917733b453d917afd2b0ad65223959f59089f875b", size = 374801, upload-time = "2025-12-06T21:30:49.154Z" },
]

[[package]]
name = "pytiled-parser"
version = "2.2.9"
source = { registry = "https://pypi.org/simple" }
dependencies = [
    { name = "attrs" },
    { name = "typing-extensions" },
]
sdist = { url = "https://files.pythonhosted.org/packages/79/62/0d8a2220ee0747522f3b73e4f38bea7c78aefdf707afb86decf26f799fc5/pytiled_parser-2.2.9.tar.gz", hash = "sha256:225269fdd37afcbcd3b76ea3e2cab6b1e742387027106055990db43fd7451ebd", size = 45958, upload-time = "2025-01-23T18:43:30.538Z" }
wheels = [
    { url = "https://files.pythonhosted.org/packages/d7/f7/6b6c51b50ed8681a31146e5e7ac325b78fe776ff48b1ec8f56d7e4995d72/pytiled_parser-2.2.9-py2.py3-none-any.whl", hash = "sha256:37f73d31950bf4d02ee3bda59f3d6123c55194dc8d8e876821dd2080af5f1f91", size = 44452, upload-time = "2025-01-23T18:43:28.207Z" },
]

[[package]]
name = "types-networkx"
version = "3.6.1.20260402"
source = { registry = "https://pypi.org/simple" }
dependencies = [
    { name = "numpy" },
]
sdist = { url = "https://files.pythonhosted.org/packages/76/0f/5520afe8510f497a2149a0bd66400796de09e503b30d6a47a055cbae918c/types_networkx-3.6.1.20260402.tar.gz", hash = "sha256:0134981a60c6725949ddaa9fc0d3b0bbaa553f0f81e43f15e282be1b75d2db00", size = 73790, upload-time = "2026-04-02T04:20:07.538Z" }
wheels = [
    { url = "https://files.pythonhosted.org/packages/9b/60/57fe0ebec42315a70f34920c325a803f4c069f33025043f45ac4a4266faf/types_networkx-3.6.1.20260402-py3-none-any.whl", hash = "sha256:2ea0075288632bf777e877b3c2a0d1d6991844a08a0b4a72d23c513436d64038", size = 162536, upload-time = "2026-04-02T04:20:06.375Z" },
]

[[package]]
name = "typing-extensions"
version = "4.15.0"
source = { registry = "https://pypi.org/simple" }
sdist = { url = "https://files.pythonhosted.org/packages/72/94/1a15dd82efb362ac84269196e94cf00f187f7ed21c242792a923cdb1c61f/typing_extensions-4.15.0.tar.gz", hash = "sha256:0cea48d173cc12fa28ecabc3b837ea3cf6f38c6d1136f85cbaaf598984861466", size = 109391, upload-time = "2025-08-25T13:49:26.313Z" }
wheels = [
    { url = "https://files.pythonhosted.org/packages/18/67/36e9267722cc04a6b9f15c7f3441c2363321a3ea07da7ae0c0707beb2a9c/typing_extensions-4.15.0-py3-none-any.whl", hash = "sha256:f0fa19c6845758ab08074a0cfa8b7aecb71c999ca73d62883bc25cc018c4e548", size = 44614, upload-time = "2025-08-25T13:49:24.86Z" },
]
